// !$*UTF8*$!
{
	archiveVersion = 1;
	classes = {
	};
	objectVersion = 46;
	objects = {

/* Begin PBXBuildFile section */
		EA1970B01A615B8B002085B2 /* AppDelegate.swift in Sources */ = {isa = PBXBuildFile; fileRef = EA1970AF1A615B8B002085B2 /* AppDelegate.swift */; };
		EA1970B31A615B8B002085B2 /* TaskManager.xcdatamodeld in Sources */ = {isa = PBXBuildFile; fileRef = EA1970B11A615B8B002085B2 /* TaskManager.xcdatamodeld */; };
		EA1970B51A615B8B002085B2 /* ViewController.swift in Sources */ = {isa = PBXBuildFile; fileRef = EA1970B41A615B8B002085B2 /* ViewController.swift */; };
		EA1970B81A615B8B002085B2 /* Main.storyboard in Resources */ = {isa = PBXBuildFile; fileRef = EA1970B61A615B8B002085B2 /* Main.storyboard */; };
		EA1970BA1A615B8B002085B2 /* Images.xcassets in Resources */ = {isa = PBXBuildFile; fileRef = EA1970B91A615B8B002085B2 /* Images.xcassets */; };
		EA1970BD1A615B8B002085B2 /* LaunchScreen.xib in Resources */ = {isa = PBXBuildFile; fileRef = EA1970BB1A615B8B002085B2 /* LaunchScreen.xib */; };
		EA1970C91A615B8B002085B2 /* TaskManagerTests.swift in Sources */ = {isa = PBXBuildFile; fileRef = EA1970C81A615B8B002085B2 /* TaskManagerTests.swift */; };
		EA1970D71A615ECB002085B2 /* TaskCell.swift in Sources */ = {isa = PBXBuildFile; fileRef = EA1970D61A615ECB002085B2 /* TaskCell.swift */; };
		EA1970DC1A616356002085B2 /* TaskModel.swift in Sources */ = {isa = PBXBuildFile; fileRef = EA1970DB1A616356002085B2 /* TaskModel.swift */; };
/* End PBXBuildFile section */

/* Begin PBXContainerItemProxy section */
		EA1970C31A615B8B002085B2 /* PBXContainerItemProxy */ = {
			isa = PBXContainerItemProxy;
			containerPortal = EA1970A21A615B8B002085B2 /* Project object */;
			proxyType = 1;
			remoteGlobalIDString = EA1970A91A615B8B002085B2;
			remoteInfo = TaskManager;
		};
/* End PBXContainerItemProxy section */

/* Begin PBXFileReference section */
		EA1970AA1A615B8B002085B2 /* TaskManager.app */ = {isa = PBXFileReference; explicitFileType = wrapper.application; includeInIndex = 0; path = TaskManager.app; sourceTree = BUILT_PRODUCTS_DIR; };
		EA1970AE1A615B8B002085B2 /* Info.plist */ = {isa = PBXFileReference; lastKnownFileType = text.plist.xml; path = Info.plist; sourceTree = "<group>"; };
		EA1970AF1A615B8B002085B2 /* AppDelegate.swift */ = {isa = PBXFileReference; lastKnownFileType = sourcecode.swift; path = AppDelegate.swift; sourceTree = "<group>"; };
		EA1970B21A615B8B002085B2 /* TaskManager.xcdatamodel */ = {isa = PBXFileReference; lastKnownFileType = wrapper.xcdatamodel; path = TaskManager.xcdatamodel; sourceTree = "<group>"; };
		EA1970B41A615B8B002085B2 /* ViewController.swift */ = {isa = PBXFileReference; lastKnownFileType = sourcecode.swift; path = ViewController.swift; sourceTree = "<group>"; };
		EA1970B71A615B8B002085B2 /* Base */ = {isa = PBXFileReference; lastKnownFileType = file.storyboard; name = Base; path = Base.lproj/Main.storyboard; sourceTree = "<group>"; };
		EA1970B91A615B8B002085B2 /* Images.xcassets */ = {isa = PBXFileReference; lastKnownFileType = folder.assetcatalog; path = Images.xcassets; sourceTree = "<group>"; };
		EA1970BC1A615B8B002085B2 /* Base */ = {isa = PBXFileReference; lastKnownFileType = file.xib; name = Base; path = Base.lproj/LaunchScreen.xib; sourceTree = "<group>"; };
		EA1970C21A615B8B002085B2 /* TaskManagerTests.xctest */ = {isa = PBXFileReference; explicitFileType = wrapper.cfbundle; includeInIndex = 0; path = TaskManagerTests.xctest; sourceTree = BUILT_PRODUCTS_DIR; };
		EA1970C71A615B8B002085B2 /* Info.plist */ = {isa = PBXFileReference; lastKnownFileType = text.plist.xml; path = Info.plist; sourceTree = "<group>"; };
		EA1970C81A615B8B002085B2 /* TaskManagerTests.swift */ = {isa = PBXFileReference; lastKnownFileType = sourcecode.swift; path = TaskManagerTests.swift; sourceTree = "<group>"; };
		EA1970D61A615ECB002085B2 /* TaskCell.swift */ = {isa = PBXFileReference; fileEncoding = 4; lastKnownFileType = sourcecode.swift; name = TaskCell.swift; path = ../TaskCell.swift; sourceTree = "<group>"; };
		EA1970DB1A616356002085B2 /* TaskModel.swift */ = {isa = PBXFileReference; fileEncoding = 4; lastKnownFileType = sourcecode.swift; path = TaskModel.swift; sourceTree = "<group>"; };
/* End PBXFileReference section */

/* Begin PBXFrameworksBuildPhase section */
		EA1970A71A615B8B002085B2 /* Frameworks */ = {
			isa = PBXFrameworksBuildPhase;
			buildActionMask = 2147483647;
			files = (
			);
			runOnlyForDeploymentPostprocessing = 0;
		};
		EA1970BF1A615B8B002085B2 /* Frameworks */ = {
			isa = PBXFrameworksBuildPhase;
			buildActionMask = 2147483647;
			files = (
			);
			runOnlyForDeploymentPostprocessing = 0;
		};
/* End PBXFrameworksBuildPhase section */

/* Begin PBXGroup section */
		EA1970A11A615B8B002085B2 = {
			isa = PBXGroup;
			children = (
				EA1970AC1A615B8B002085B2 /* TaskManager */,
				EA1970C51A615B8B002085B2 /* TaskManagerTests */,
				EA1970AB1A615B8B002085B2 /* Products */,
			);
			sourceTree = "<group>";
		};
		EA1970AB1A615B8B002085B2 /* Products */ = {
			isa = PBXGroup;
			children = (
				EA1970AA1A615B8B002085B2 /* TaskManager.app */,
				EA1970C21A615B8B002085B2 /* TaskManagerTests.xctest */,
			);
			name = Products;
			sourceTree = "<group>";
		};
		EA1970AC1A615B8B002085B2 /* TaskManager */ = {
			isa = PBXGroup;
			children = (
				EA1970D61A615ECB002085B2 /* TaskCell.swift */,
				EA1970D91A615EE7002085B2 /* Vue */,
				EA1970DA1A615EE9002085B2 /* Controllers */,
				EA1970D81A615EE3002085B2 /* Model */,
				EA1970AF1A615B8B002085B2 /* AppDelegate.swift */,
				EA1970AD1A615B8B002085B2 /* Supporting Files */,
			);
			path = TaskManager;
			sourceTree = "<group>";
		};
		EA1970AD1A615B8B002085B2 /* Supporting Files */ = {
			isa = PBXGroup;
			children = (
				EA1970AE1A615B8B002085B2 /* Info.plist */,
			);
			name = "Supporting Files";
			sourceTree = "<group>";
		};
		EA1970C51A615B8B002085B2 /* TaskManagerTests */ = {
			isa = PBXGroup;
			children = (
				EA1970C81A615B8B002085B2 /* TaskManagerTests.swift */,
				EA1970C61A615B8B002085B2 /* Supporting Files */,
			);
			path = TaskManagerTests;
			sourceTree = "<group>";
		};
		EA1970C61A615B8B002085B2 /* Supporting Files */ = {
			isa = PBXGroup;
			children = (
				EA1970C71A615B8B002085B2 /* Info.plist */,
			);
			name = "Supporting Files";
			sourceTree = "<group>";
		};
		EA1970D81A615EE3002085B2 /* Model */ = {
			isa = PBXGroup;
			children = (
				EA1970B11A615B8B002085B2 /* TaskManager.xcdatamodeld */,
			);
			name = Model;
			sourceTree = "<group>";
		};
		EA1970D91A615EE7002085B2 /* Vue */ = {
			isa = PBXGroup;
			children = (
				EA1970B91A615B8B002085B2 /* Images.xcassets */,
				EA1970BB1A615B8B002085B2 /* LaunchScreen.xib */,
				EA1970B61A615B8B002085B2 /* Main.storyboard */,
			);
			name = Vue;
			sourceTree = "<group>";
		};
		EA1970DA1A615EE9002085B2 /* Controllers */ = {
			isa = PBXGroup;
			children = (
				EA1970B41A615B8B002085B2 /* ViewController.swift */,
				EA1970DB1A616356002085B2 /* TaskModel.swift */,
			);
			name = Controllers;
			sourceTree = "<group>";
		};
/* End PBXGroup section */

/* Begin PBXNativeTarget section */
		EA1970A91A615B8B002085B2 /* TaskManager */ = {
			isa = PBXNativeTarget;
			buildConfigurationList = EA1970CC1A615B8B002085B2 /* Build configuration list for PBXNativeTarget "TaskManager" */;
			buildPhases = (
				EA1970A61A615B8B002085B2 /* Sources */,
				EA1970A71A615B8B002085B2 /* Frameworks */,
				EA1970A81A615B8B002085B2 /* Resources */,
			);
			buildRules = (
			);
			dependencies = (
			);
			name = TaskManager;
			productName = TaskManager;
			productReference = EA1970AA1A615B8B002085B2 /* TaskManager.app */;
			productType = "com.apple.product-type.application";
		};
		EA1970C11A615B8B002085B2 /* TaskManagerTests */ = {
			isa = PBXNativeTarget;
			buildConfigurationList = EA1970CF1A615B8B002085B2 /* Build configuration list for PBXNativeTarget "TaskManagerTests" */;
			buildPhases = (
				EA1970BE1A615B8B002085B2 /* Sources */,
				EA1970BF1A615B8B002085B2 /* Frameworks */,
				EA1970C01A615B8B002085B2 /* Resources */,
			);
			buildRules = (
			);
			dependencies = (
				EA1970C41A615B8B002085B2 /* PBXTargetDependency */,
			);
			name = TaskManagerTests;
			productName = TaskManagerTests;
			productReference = EA1970C21A615B8B002085B2 /* TaskManagerTests.xctest */;
			productType = "com.apple.product-type.bundle.unit-test";
		};
/* End PBXNativeTarget section */

/* Begin PBXProject section */
		EA1970A21A615B8B002085B2 /* Project object */ = {
			isa = PBXProject;
			attributes = {
				LastUpgradeCheck = 0620;
				ORGANIZATIONNAME = Benobab;
				TargetAttributes = {
					EA1970A91A615B8B002085B2 = {
						CreatedOnToolsVersion = 6.2;
					};
					EA1970C11A615B8B002085B2 = {
						CreatedOnToolsVersion = 6.2;
						TestTargetID = EA1970A91A615B8B002085B2;
					};
				};
			};
			buildConfigurationList = EA1970A51A615B8B002085B2 /* Build configuration list for PBXProject "TaskManager" */;
			compatibilityVersion = "Xcode 3.2";
			developmentRegion = English;
			hasScannedForEncodings = 0;
			knownRegions = (
				en,
				Base,
			);
			mainGroup = EA1970A11A615B8B002085B2;
			productRefGroup = EA1970AB1A615B8B002085B2 /* Products */;
			projectDirPath = "";
			projectRoot = "";
			targets = (
				EA1970A91A615B8B002085B2 /* TaskManager */,
				EA1970C11A615B8B002085B2 /* TaskManagerTests */,
			);
		};
/* End PBXProject section */

/* Begin PBXResourcesBuildPhase section */
		EA1970A81A615B8B002085B2 /* Resources */ = {
			isa = PBXResourcesBuildPhase;
			buildActionMask = 2147483647;
			files = (
				EA1970B81A615B8B002085B2 /* Main.storyboard in Resources */,
				EA1970BD1A615B8B002085B2 /* LaunchScreen.xib in Resources */,
				EA1970BA1A615B8B002085B2 /* Images.xcassets in Resources */,
			);
			runOnlyForDeploymentPostprocessing = 0;
		};
		EA1970C01A615B8B002085B2 /* Resources */ = {
			isa = PBXResourcesBuildPhase;
			buildActionMask = 2147483647;
			files = (
			);
			runOnlyForDeploymentPostprocessing = 0;
		};
/* End PBXResourcesBuildPhase section */

/* Begin PBXSourcesBuildPhase section */
		EA1970A61A615B8B002085B2 /* Sources */ = {
			isa = PBXSourcesBuildPhase;
			buildActionMask = 2147483647;
			files = (
				EA1970D71A615ECB002085B2 /* TaskCell.swift in Sources */,
				EA1970B51A615B8B002085B2 /* ViewController.swift in Sources */,
				EA1970DC1A616356002085B2 /* TaskModel.swift in Sources */,
				EA1970B31A615B8B002085B2 /* TaskManager.xcdatamodeld in Sources */,
				EA1970B01A615B8B002085B2 /* AppDelegate.swift in Sources */,
			);
			runOnlyForDeploymentPostprocessing = 0;
		};
		EA1970BE1A615B8B002085B2 /* Sources */ = {
			isa = PBXSourcesBuildPhase;
			buildActionMask = 2147483647;
			files = (
				EA1970C91A615B8B002085B2 /* TaskManagerTests.swift in Sources */,
			);
			runOnlyForDeploymentPostprocessing = 0;
		};
/* End PBXSourcesBuildPhase section */

/* Begin PBXTargetDependency section */
		EA1970C41A615B8B002085B2 /* PBXTargetDependency */ = {
			isa = PBXTargetDependency;
			target = EA1970A91A615B8B002085B2 /* TaskManager */;
			targetProxy = EA1970C31A615B8B002085B2 /* PBXContainerItemProxy */;
		};
/* End PBXTargetDependency section */

/* Begin PBXVariantGroup section */
		EA1970B61A615B8B002085B2 /* Main.storyboard */ = {
			isa = PBXVariantGroup;
			children = (
				EA1970B71A615B8B002085B2 /* Base */,
			);
			name = Main.storyboard;
			sourceTree = "<group>";
		};
		EA1970BB1A615B8B002085B2 /* LaunchScreen.xib */ = {
			isa = PBXVariantGroup;
			children = (
				EA1970BC1A615B8B002085B2 /* Base */,
			);
			name = LaunchScreen.xib;
			sourceTree = "<group>";
		};
/* End PBXVariantGroup section */

/* Begin XCBuildConfiguration section */
		EA1970CA1A615B8B002085B2 /* Debug */ = {
			isa = XCBuildConfiguration;
			buildSettings = {
				ALWAYS_SEARCH_USER_PATHS = NO;
				CLANG_CXX_LANGUAGE_STANDARD = "gnu++0x";
				CLANG_CXX_LIBRARY = "libc++";
				CLANG_ENABLE_MODULES = YES;
				CLANG_ENABLE_OBJC_ARC = YES;
				CLANG_WARN_BOOL_CONVERSION = YES;
				CLANG_WARN_CONSTANT_CONVERSION = YES;
				CLANG_WARN_DIRECT_OBJC_ISA_USAGE = YES_ERROR;
				CLANG_WARN_EMPTY_BODY = YES;
				CLANG_WARN_ENUM_CONVERSION = YES;
				CLANG_WARN_INT_CONVERSION = YES;
				CLANG_WARN_OBJC_ROOT_CLASS = YES_ERROR;
				CLANG_WARN_UNREACHABLE_CODE = YES;
				CLANG_WARN__DUPLICATE_METHOD_MATCH = YES;
				"CODE_SIGN_IDENTITY[sdk=iphoneos*]" = "iPhone Developer";
				COPY_PHASE_STRIP = NO;
				ENABLE_STRICT_OBJC_MSGSEND = YES;
				GCC_C_LANGUAGE_STANDARD = gnu99;
				GCC_DYNAMIC_NO_PIC = NO;
				GCC_OPTIMIZATION_LEVEL = 0;
				GCC_PREPROCESSOR_DEFINITIONS = (
					"DEBUG=1",
					"$(inherited)",
				);
				GCC_SYMBOLS_PRIVATE_EXTERN = NO;
				GCC_WARN_64_TO_32_BIT_CONVERSION = YES;
				GCC_WARN_ABOUT_RETURN_TYPE = YES_ERROR;
				GCC_WARN_UNDECLARED_SELECTOR = YES;
				GCC_WARN_UNINITIALIZED_AUTOS = YES_AGGRESSIVE;
				GCC_WARN_UNUSED_FUNCTION = YES;
				GCC_WARN_UNUSED_VARIABLE = YES;
				IPHONEOS_DEPLOYMENT_TARGET = 8.2;
				MTL_ENABLE_DEBUG_INFO = YES;
				ONLY_ACTIVE_ARCH = YES;
				SDKROOT = iphoneos;
				SWIFT_OPTIMIZATION_LEVEL = "-Onone";
				TARGETED_DEVICE_FAMILY = "1,2";
			};
			name = Debug;
		};
		EA1970CB1A615B8B002085B2 /* Release */ = {
			isa = XCBuildConfiguration;
			buildSettings = {
				ALWAYS_SEARCH_USER_PATHS = NO;
				CLANG_CXX_LANGUAGE_STANDARD = "gnu++0x";
				CLANG_CXX_LIBRARY = "libc++";
				CLANG_ENABLE_MODULES = YES;
				CLANG_ENABLE_OBJC_ARC = YES;
				CLANG_WARN_BOOL_CONVERSION = YES;
				CLANG_WARN_CONSTANT_CONVERSION = YES;
				CLANG_WARN_DIRECT_OBJC_ISA_USAGE = YES_ERROR;
				CLANG_WARN_EMPTY_BODY = YES;
				CLANG_WARN_ENUM_CONVERSION = YES;
				CLANG_WARN_INT_CONVERSION = YES;
				CLANG_WARN_OBJC_ROOT_CLASS = YES_ERROR;
				CLANG_WARN_UNREACHABLE_CODE = YES;
				CLANG_WARN__DUPLICATE_METHOD_MATCH = YES;
				"CODE_SIGN_IDENTITY[sdk=iphoneos*]" = "iPhone Developer";
				COPY_PHASE_STRIP = YES;
				ENABLE_NS_ASSERTIONS = NO;
				ENABLE_STRICT_OBJC_MSGSEND = YES;
				GCC_C_LANGUAGE_STANDARD = gnu99;
				GCC_WARN_64_TO_32_BIT_CONVERSION = YES;
				GCC_WARN_ABOUT_RETURN_TYPE = YES_ERROR;
				GCC_WARN_UNDECLARED_SELECTOR = YES;
				GCC_WARN_UNINITIALIZED_AUTOS = YES_AGGRESSIVE;
				GCC_WARN_UNUSED_FUNCTION = YES;
				GCC_WARN_UNUSED_VARIABLE = YES;
				IPHONEOS_DEPLOYMENT_TARGET = 8.2;
				MTL_ENABLE_DEBUG_INFO = NO;
				SDKROOT = iphoneos;
				TARGETED_DEVICE_FAMILY = "1,2";
				VALIDATE_PRODUCT = YES;
			};
			name = Release;
		};
		EA1970CD1A615B8B002085B2 /* Debug */ = {
			isa = XCBuildConfiguration;
			buildSettings = {
				ASSETCATALOG_COMPILER_APPICON_NAME = AppIcon;
				INFOPLIST_FILE = TaskManager/Info.plist;
				IPHONEOS_DEPLOYMENT_TARGET = 8.0;
				LD_RUNPATH_SEARCH_PATHS = "$(inherited) @executable_path/Frameworks";
				PRODUCT_NAME = "$(TARGET_NAME)";
			};
			name = Debug;
		};
		EA1970CE1A615B8B002085B2 /* Release */ = {
			isa = XCBuildConfiguration;
			buildSettings = {
				ASSETCATALOG_COMPILER_APPICON_NAME = AppIcon;
				INFOPLIST_FILE = TaskManager/Info.plist;
				IPHONEOS_DEPLOYMENT_TARGET = 8.0;
				LD_RUNPATH_SEARCH_PATHS = "$(inherited) @executable_path/Frameworks";
				PRODUCT_NAME = "$(TARGET_NAME)";
			};
			name = Release;
		};
		EA1970D01A615B8B002085B2 /* Debug */ = {
			isa = XCBuildConfiguration;
			buildSettings = {
				BUNDLE_LOADER = "$(TEST_HOST)";
				FRAMEWORK_SEARCH_PATHS = (
					"$(SDKROOT)/Developer/Library/Frameworks",
					"$(inherited)",
				);
				GCC_PREPROCESSOR_DEFINITIONS = (
					"DEBUG=1",
					"$(inherited)",
				);
				INFOPLIST_FILE = TaskManagerTests/Info.plist;
				LD_RUNPATH_SEARCH_PATHS = "$(inherited) @executable_path/Frameworks @loader_path/Frameworks";
				PRODUCT_NAME = "$(TARGET_NAME)";
				TEST_HOST = "$(BUILT_PRODUCTS_DIR)/TaskManager.app/TaskManager";
			};
			name = Debug;
		};
		EA1970D11A615B8B002085B2 /* Release */ = {
			isa = XCBuildConfiguration;
			buildSettings = {
				BUNDLE_LOADER = "$(TEST_HOST)";
				FRAMEWORK_SEARCH_PATHS = (
					"$(SDKROOT)/Developer/Library/Frameworks",
					"$(inherited)",
				);
				INFOPLIST_FILE = TaskManagerTests/Info.plist;
				LD_RUNPATH_SEARCH_PATHS = "$(inherited) @executable_path/Frameworks @loader_path/Frameworks";
				PRODUCT_NAME = "$(TARGET_NAME)";
				TEST_HOST = "$(BUILT_PRODUCTS_DIR)/TaskManager.app/TaskManager";
			};
			name = Release;
		};
/* End XCBuildConfiguration section */

/* Begin XCConfigurationList section */
		EA1970A51A615B8B002085B2 /* Build configuration list for PBXProject "TaskManager" */ = {
			isa = XCConfigurationList;
			buildConfigurations = (
				EA1970CA1A615B8B002085B2 /* Debug */,
				EA1970CB1A615B8B002085B2 /* Release */,
			);
			defaultConfigurationIsVisible = 0;
			defaultConfigurationName = Release;
		};
		EA1970CC1A615B8B002085B2 /* Build configuration list for PBXNativeTarget "TaskManager" */ = {
			isa = XCConfigurationList;
			buildConfigurations = (
				EA1970CD1A615B8B002085B2 /* Debug */,
				EA1970CE1A615B8B002085B2 /* Release */,
			);
			defaultConfigurationIsVisible = 0;
		};
		EA1970CF1A615B8B002085B2 /* Build configuration list for PBXNativeTarget "TaskManagerTests" */ = {
			isa = XCConfigurationList;
			buildConfigurations = (
				EA1970D01A615B8B002085B2 /* Debug */,
				EA1970D11A615B8B002085B2 /* Release */,
			);
			defaultConfigurationIsVisible = 0;
		};
/* End XCConfigurationList section */

/* Begin XCVersionGroup section */
		EA1970B11A615B8B002085B2 /* TaskManager.xcdatamodeld */ = {
			isa = XCVersionGroup;
			children = (
				EA1970B21A615B8B002085B2 /* TaskManager.xcdatamodel */,
			);
			currentVersion = EA1970B21A615B8B002085B2 /* TaskManager.xcdatamodel */;
			path = TaskManager.xcdatamodeld;
			sourceTree = "<group>";
			versionGroupType = wrapper.xcdatamodel;
		};
/* End XCVersionGroup section */
	};
	rootObject = EA1970A21A615B8B002085B2 /* Project object */;
}
